
Microsoft Visual Studio Solution File, Format Version 12.00
# Visual Studio 15
VisualStudioVersion = 15.0.26730.15
MinimumVisualStudioVersion = 10.0.40219.1
Project("{9A19103F-16F7-4668-BE54-9A1E7A4F7556}") = "HockeyStat.API", "HockeyStat.API\HockeyStat.API.csproj", "{6B9A734B-D55A-4A7A-B965-4C1F5DA47FA5}"
EndProject
Project("{9A19103F-16F7-4668-BE54-9A1E7A4F7556}") = "HockeyStat.Model", "HockeyStat.Model\HockeyStat.Model.csproj", "{6430EDC2-5705-43F2-96B0-5C78B8805F0E}"
EndProject
Project("{FAE04EC0-301F-11D3-BF4B-00C04F79EFBC}") = "HockeyStat.MoveData", "HockeyStat.MoveData\HockeyStat.MoveData.csproj", "{B2432E03-1724-49F7-8769-6096F50FDEC1}"
EndProject
Global
	GlobalSection(SolutionConfigurationPlatforms) = preSolution
		Debug|Any CPU = Debug|Any CPU
		Release|Any CPU = Release|Any CPU
	EndGlobalSection
	GlobalSection(ProjectConfigurationPlatforms) = postSolution
		{6B9A734B-D55A-4A7A-B965-4C1F5DA47FA5}.Debug|Any CPU.ActiveCfg = Debug|Any CPU
		{6B9A734B-D55A-4A7A-B965-4C1F5DA47FA5}.Debug|Any CPU.Build.0 = Debug|Any CPU
		{6B9A734B-D55A-4A7A-B965-4C1F5DA47FA5}.Release|Any CPU.ActiveCfg = Release|Any CPU
		{6B9A734B-D55A-4A7A-B965-4C1F5DA47FA5}.Release|Any CPU.Build.0 = Release|Any CPU
		{6430EDC2-5705-43F2-96B0-5C78B8805F0E}.Debug|Any CPU.ActiveCfg = Debug|Any CPU
		{6430EDC2-5705-43F2-96B0-5C78B8805F0E}.Debug|Any CPU.Build.0 = Debug|Any CPU
		{6430EDC2-5705-43F2-96B0-5C78B8805F0E}.Release|Any CPU.ActiveCfg = Release|Any CPU
		{6430EDC2-5705-43F2-96B0-5C78B8805F0E}.Release|Any CPU.Build.0 = Release|Any CPU
		{B2432E03-1724-49F7-8769-6096F50FDEC1}.Debug|Any CPU.ActiveCfg = Debug|Any CPU
		{B2432E03-1724-49F7-8769-6096F50FDEC1}.Debug|Any CPU.Build.0 = Debug|Any CPU
		{B2432E03-1724-49F7-8769-6096F50FDEC1}.Release|Any CPU.ActiveCfg = Release|Any CPU
		{B2432E03-1724-49F7-8769-6096F50FDEC1}.Release|Any CPU.Build.0 = Release|Any CPU
	EndGlobalSection
	GlobalSection(SolutionProperties) = preSolution
		HideSolutionNode = FALSE
	EndGlobalSection
	GlobalSection(ExtensibilityGlobals) = postSolution
		SolutionGuid = {B873041F-4DF8-44C5-9FA3-37BD9ADDAFD3}
	EndGlobalSection
EndGlobal
